// !$*UTF8*$!
{
	archiveVersion = 1;
	classes = {
	};
	objectVersion = 56;
	objects = {

/* Begin PBXBuildFile section */
		CD59AD702A50961C00C6E28B /* Detail.docc in Sources */ = {isa = PBXBuildFile; fileRef = CD59AD6F2A50961C00C6E28B /* Detail.docc */; };
		CD59AD762A50961C00C6E28B /* Detail.framework in Frameworks */ = {isa = PBXBuildFile; fileRef = CD59AD6B2A50961C00C6E28B /* Detail.framework */; };
		CD59AD7B2A50961C00C6E28B /* DetailTests.swift in Sources */ = {isa = PBXBuildFile; fileRef = CD59AD7A2A50961C00C6E28B /* DetailTests.swift */; };
		CD59AD7C2A50961C00C6E28B /* Detail.h in Headers */ = {isa = PBXBuildFile; fileRef = CD59AD6E2A50961C00C6E28B /* Detail.h */; settings = {ATTRIBUTES = (Public, ); }; };
		CD59AD8F2A50966C00C6E28B /* DetailViewController.swift in Sources */ = {isa = PBXBuildFile; fileRef = CD59AD8E2A50966C00C6E28B /* DetailViewController.swift */; };
/* End PBXBuildFile section */

/* Begin PBXContainerItemProxy section */
		CD59AD772A50961C00C6E28B /* PBXContainerItemProxy */ = {
			isa = PBXContainerItemProxy;
			containerPortal = CD59AD622A50961C00C6E28B /* Project object */;
			proxyType = 1;
			remoteGlobalIDString = CD59AD6A2A50961C00C6E28B;
			remoteInfo = Detail;
		};
/* End PBXContainerItemProxy section */

/* Begin PBXFileReference section */
		CD59AD6B2A50961C00C6E28B /* Detail.framework */ = {isa = PBXFileReference; explicitFileType = wrapper.framework; includeInIndex = 0; path = Detail.framework; sourceTree = BUILT_PRODUCTS_DIR; };
		CD59AD6E2A50961C00C6E28B /* Detail.h */ = {isa = PBXFileReference; lastKnownFileType = sourcecode.c.h; path = Detail.h; sourceTree = "<group>"; };
		CD59AD6F2A50961C00C6E28B /* Detail.docc */ = {isa = PBXFileReference; lastKnownFileType = folder.documentationcatalog; path = Detail.docc; sourceTree = "<group>"; };
		CD59AD752A50961C00C6E28B /* DetailTests.xctest */ = {isa = PBXFileReference; explicitFileType = wrapper.cfbundle; includeInIndex = 0; path = DetailTests.xctest; sourceTree = BUILT_PRODUCTS_DIR; };
		CD59AD7A2A50961C00C6E28B /* DetailTests.swift */ = {isa = PBXFileReference; lastKnownFileType = sourcecode.swift; path = DetailTests.swift; sourceTree = "<group>"; };
		CD59AD8E2A50966C00C6E28B /* DetailViewController.swift */ = {isa = PBXFileReference; fileEncoding = 4; lastKnownFileType = sourcecode.swift; path = DetailViewController.swift; sourceTree = "<group>"; };
/* End PBXFileReference section */

/* Begin PBXFrameworksBuildPhase section */
		CD59AD682A50961C00C6E28B /* Frameworks */ = {
			isa = PBXFrameworksBuildPhase;
			buildActionMask = 2147483647;
			files = (
			);
			runOnlyForDeploymentPostprocessing = 0;
		};
		CD59AD722A50961C00C6E28B /* Frameworks */ = {
			isa = PBXFrameworksBuildPhase;
			buildActionMask = 2147483647;
			files = (
				CD59AD762A50961C00C6E28B /* Detail.framework in Frameworks */,
			);
			runOnlyForDeploymentPostprocessing = 0;
		};
/* End PBXFrameworksBuildPhase section */

/* Begin PBXGroup section */
		CD59AD612A50961C00C6E28B = {
			isa = PBXGroup;
			children = (
				CD59AD6D2A50961C00C6E28B /* Detail */,
				CD59AD792A50961C00C6E28B /* DetailTests */,
				CD59AD6C2A50961C00C6E28B /* Products */,
			);
			sourceTree = "<group>";
		};
		CD59AD6C2A50961C00C6E28B /* Products */ = {
			isa = PBXGroup;
			children = (
				CD59AD6B2A50961C00C6E28B /* Detail.framework */,
				CD59AD752A50961C00C6E28B /* DetailTests.xctest */,
			);
			name = Products;
			sourceTree = "<group>";
		};
		CD59AD6D2A50961C00C6E28B /* Detail */ = {
			isa = PBXGroup;
			children = (
				CD59AD8E2A50966C00C6E28B /* DetailViewController.swift */,
				CD59AD6E2A50961C00C6E28B /* Detail.h */,
				CD59AD6F2A50961C00C6E28B /* Detail.docc */,
			);
			path = Detail;
			sourceTree = "<group>";
		};
		CD59AD792A50961C00C6E28B /* DetailTests */ = {
			isa = PBXGroup;
			children = (
				CD59AD7A2A50961C00C6E28B /* DetailTests.swift */,
			);
			path = DetailTests;
			sourceTree = "<group>";
		};
/* End PBXGroup section */

/* Begin PBXHeadersBuildPhase section */
		CD59AD662A50961C00C6E28B /* Headers */ = {
			isa = PBXHeadersBuildPhase;
			buildActionMask = 2147483647;
			files = (
				CD59AD7C2A50961C00C6E28B /* Detail.h in Headers */,
			);
			runOnlyForDeploymentPostprocessing = 0;
		};
/* End PBXHeadersBuildPhase section */

/* Begin PBXNativeTarget section */
		CD59AD6A2A50961C00C6E28B /* Detail */ = {
			isa = PBXNativeTarget;
			buildConfigurationList = CD59AD7F2A50961C00C6E28B /* Build configuration list for PBXNativeTarget "Detail" */;
			buildPhases = (
				CD59AD662A50961C00C6E28B /* Headers */,
				CD59AD672A50961C00C6E28B /* Sources */,
				CD59AD682A50961C00C6E28B /* Frameworks */,
				CD59AD692A50961C00C6E28B /* Resources */,
			);
			buildRules = (
			);
			dependencies = (
			);
			name = Detail;
			productName = Detail;
			productReference = CD59AD6B2A50961C00C6E28B /* Detail.framework */;
			productType = "com.apple.product-type.framework";
		};
		CD59AD742A50961C00C6E28B /* DetailTests */ = {
			isa = PBXNativeTarget;
			buildConfigurationList = CD59AD822A50961C00C6E28B /* Build configuration list for PBXNativeTarget "DetailTests" */;
			buildPhases = (
				CD59AD712A50961C00C6E28B /* Sources */,
				CD59AD722A50961C00C6E28B /* Frameworks */,
				CD59AD732A50961C00C6E28B /* Resources */,
			);
			buildRules = (
			);
			dependencies = (
				CD59AD782A50961C00C6E28B /* PBXTargetDependency */,
			);
			name = DetailTests;
			productName = DetailTests;
			productReference = CD59AD752A50961C00C6E28B /* DetailTests.xctest */;
			productType = "com.apple.product-type.bundle.unit-test";
		};
/* End PBXNativeTarget section */

/* Begin PBXProject section */
		CD59AD622A50961C00C6E28B /* Project object */ = {
			isa = PBXProject;
			attributes = {
				BuildIndependentTargetsInParallel = 1;
				LastSwiftUpdateCheck = 1420;
				LastUpgradeCheck = 1420;
				TargetAttributes = {
					CD59AD6A2A50961C00C6E28B = {
						CreatedOnToolsVersion = 14.2;
					};
					CD59AD742A50961C00C6E28B = {
						CreatedOnToolsVersion = 14.2;
					};
				};
			};
			buildConfigurationList = CD59AD652A50961C00C6E28B /* Build configuration list for PBXProject "Detail" */;
			compatibilityVersion = "Xcode 14.0";
			developmentRegion = en;
			hasScannedForEncodings = 0;
			knownRegions = (
				en,
				Base,
			);
			mainGroup = CD59AD612A50961C00C6E28B;
			productRefGroup = CD59AD6C2A50961C00C6E28B /* Products */;
			projectDirPath = "";
			projectRoot = "";
			targets = (
				CD59AD6A2A50961C00C6E28B /* Detail */,
				CD59AD742A50961C00C6E28B /* DetailTests */,
			);
		};
/* End PBXProject section */

/* Begin PBXResourcesBuildPhase section */
		CD59AD692A50961C00C6E28B /* Resources */ = {
			isa = PBXResourcesBuildPhase;
			buildActionMask = 2147483647;
			files = (
			);
			runOnlyForDeploymentPostprocessing = 0;
		};
		CD59AD732A50961C00C6E28B /* Resources */ = {
			isa = PBXResourcesBuildPhase;
			buildActionMask = 2147483647;
			files = (
			);
			runOnlyForDeploymentPostprocessing = 0;
		};
/* End PBXResourcesBuildPhase section */

/* Begin PBXSourcesBuildPhase section */
		CD59AD672A50961C00C6E28B /* Sources */ = {
			isa = PBXSourcesBuildPhase;
			buildActionMask = 2147483647;
			files = (
				CD59AD702A50961C00C6E28B /* Detail.docc in Sources */,
				CD59AD8F2A50966C00C6E28B /* DetailViewController.swift in Sources */,
			);
			runOnlyForDeploymentPostprocessing = 0;
		};
		CD59AD712A50961C00C6E28B /* Sources */ = {
			isa = PBXSourcesBuildPhase;
			buildActionMask = 2147483647;
			files = (
				CD59AD7B2A50961C00C6E28B /* DetailTests.swift in Sources */,
			);
			runOnlyForDeploymentPostprocessing = 0;
		};
/* End PBXSourcesBuildPhase section */

/* Begin PBXTargetDependency section */
		CD59AD782A50961C00C6E28B /* PBXTargetDependency */ = {
			isa = PBXTargetDependency;
			target = CD59AD6A2A50961C00C6E28B /* Detail */;
			targetProxy = CD59AD772A50961C00C6E28B /* PBXContainerItemProxy */;
		};
/* End PBXTargetDependency section */

/* Begin XCBuildConfiguration section */
		CD59AD7D2A50961C00C6E28B /* Debug */ = {
			isa = XCBuildConfiguration;
			buildSettings = {
				ALWAYS_SEARCH_USER_PATHS = NO;
				CLANG_ANALYZER_NONNULL = YES;
				CLANG_ANALYZER_NUMBER_OBJECT_CONVERSION = YES_AGGRESSIVE;
				CLANG_CXX_LANGUAGE_STANDARD = "gnu++20";
				CLANG_ENABLE_MODULES = YES;
				CLANG_ENABLE_OBJC_ARC = YES;
				CLANG_ENABLE_OBJC_WEAK = YES;
				CLANG_WARN_BLOCK_CAPTURE_AUTORELEASING = YES;
				CLANG_WARN_BOOL_CONVERSION = YES;
				CLANG_WARN_COMMA = YES;
				CLANG_WARN_CONSTANT_CONVERSION = YES;
				CLANG_WARN_DEPRECATED_OBJC_IMPLEMENTATIONS = YES;
				CLANG_WARN_DIRECT_OBJC_ISA_USAGE = YES_ERROR;
				CLANG_WARN_DOCUMENTATION_COMMENTS = YES;
				CLANG_WARN_EMPTY_BODY = YES;
				CLANG_WARN_ENUM_CONVERSION = YES;
				CLANG_WARN_INFINITE_RECURSION = YES;
				CLANG_WARN_INT_CONVERSION = YES;
				CLANG_WARN_NON_LITERAL_NULL_CONVERSION = YES;
				CLANG_WARN_OBJC_IMPLICIT_RETAIN_SELF = YES;
				CLANG_WARN_OBJC_LITERAL_CONVERSION = YES;
				CLANG_WARN_OBJC_ROOT_CLASS = YES_ERROR;
				CLANG_WARN_QUOTED_INCLUDE_IN_FRAMEWORK_HEADER = YES;
				CLANG_WARN_RANGE_LOOP_ANALYSIS = YES;
				CLANG_WARN_STRICT_PROTOTYPES = YES;
				CLANG_WARN_SUSPICIOUS_MOVE = YES;
				CLANG_WARN_UNGUARDED_AVAILABILITY = YES_AGGRESSIVE;
				CLANG_WARN_UNREACHABLE_CODE = YES;
				CLANG_WARN__DUPLICATE_METHOD_MATCH = YES;
				COPY_PHASE_STRIP = NO;
				CURRENT_PROJECT_VERSION = 1;
				DEBUG_INFORMATION_FORMAT = dwarf;
				ENABLE_STRICT_OBJC_MSGSEND = YES;
				ENABLE_TESTABILITY = YES;
				GCC_C_LANGUAGE_STANDARD = gnu11;
				GCC_DYNAMIC_NO_PIC = NO;
				GCC_NO_COMMON_BLOCKS = YES;
				GCC_OPTIMIZATION_LEVEL = 0;
				GCC_PREPROCESSOR_DEFINITIONS = (
					"DEBUG=1",
					"$(inherited)",
				);
				GCC_WARN_64_TO_32_BIT_CONVERSION = YES;
				GCC_WARN_ABOUT_RETURN_TYPE = YES_ERROR;
				GCC_WARN_UNDECLARED_SELECTOR = YES;
				GCC_WARN_UNINITIALIZED_AUTOS = YES_AGGRESSIVE;
				GCC_WARN_UNUSED_FUNCTION = YES;
				GCC_WARN_UNUSED_VARIABLE = YES;
				IPHONEOS_DEPLOYMENT_TARGET = 16.0;
				MTL_ENABLE_DEBUG_INFO = INCLUDE_SOURCE;
				MTL_FAST_MATH = YES;
				ONLY_ACTIVE_ARCH = YES;
				SDKROOT = iphoneos;
				SWIFT_ACTIVE_COMPILATION_CONDITIONS = DEBUG;
				SWIFT_OPTIMIZATION_LEVEL = "-Onone";
				VERSIONING_SYSTEM = "apple-generic";
				VERSION_INFO_PREFIX = "";
			};
			name = Debug;
		};
		CD59AD7E2A50961C00C6E28B /* Release */ = {
			isa = XCBuildConfiguration;
			buildSettings = {
				ALWAYS_SEARCH_USER_PATHS = NO;
				CLANG_ANALYZER_NONNULL = YES;
				CLANG_ANALYZER_NUMBER_OBJECT_CONVERSION = YES_AGGRESSIVE;
				CLANG_CXX_LANGUAGE_STANDARD = "gnu++20";
				CLANG_ENABLE_MODULES = YES;
				CLANG_ENABLE_OBJC_ARC = YES;
				CLANG_ENABLE_OBJC_WEAK = YES;
				CLANG_WARN_BLOCK_CAPTURE_AUTORELEASING = YES;
				CLANG_WARN_BOOL_CONVERSION = YES;
				CLANG_WARN_COMMA = YES;
				CLANG_WARN_CONSTANT_CONVERSION = YES;
				CLANG_WARN_DEPRECATED_OBJC_IMPLEMENTATIONS = YES;
				CLANG_WARN_DIRECT_OBJC_ISA_USAGE = YES_ERROR;
				CLANG_WARN_DOCUMENTATION_COMMENTS = YES;
				CLANG_WARN_EMPTY_BODY = YES;
				CLANG_WARN_ENUM_CONVERSION = YES;
				CLANG_WARN_INFINITE_RECURSION = YES;
				CLANG_WARN_INT_CONVERSION = YES;
				CLANG_WARN_NON_LITERAL_NULL_CONVERSION = YES;
				CLANG_WARN_OBJC_IMPLICIT_RETAIN_SELF = YES;
				CLANG_WARN_OBJC_LITERAL_CONVERSION = YES;
				CLANG_WARN_OBJC_ROOT_CLASS = YES_ERROR;
				CLANG_WARN_QUOTED_INCLUDE_IN_FRAMEWORK_HEADER = YES;
				CLANG_WARN_RANGE_LOOP_ANALYSIS = YES;
				CLANG_WARN_STRICT_PROTOTYPES = YES;
				CLANG_WARN_SUSPICIOUS_MOVE = YES;
				CLANG_WARN_UNGUARDED_AVAILABILITY = YES_AGGRESSIVE;
				CLANG_WARN_UNREACHABLE_CODE = YES;
				CLANG_WARN__DUPLICATE_METHOD_MATCH = YES;
				COPY_PHASE_STRIP = NO;
				CURRENT_PROJECT_VERSION = 1;
				DEBUG_INFORMATION_FORMAT = "dwarf-with-dsym";
				ENABLE_NS_ASSERTIONS = NO;
				ENABLE_STRICT_OBJC_MSGSEND = YES;
				GCC_C_LANGUAGE_STANDARD = gnu11;
				GCC_NO_COMMON_BLOCKS = YES;
				GCC_WARN_64_TO_32_BIT_CONVERSION = YES;
				GCC_WARN_ABOUT_RETURN_TYPE = YES_ERROR;
				GCC_WARN_UNDECLARED_SELECTOR = YES;
				GCC_WARN_UNINITIALIZED_AUTOS = YES_AGGRESSIVE;
				GCC_WARN_UNUSED_FUNCTION = YES;
				GCC_WARN_UNUSED_VARIABLE = YES;
				IPHONEOS_DEPLOYMENT_TARGET = 16.0;
				MTL_ENABLE_DEBUG_INFO = NO;
				MTL_FAST_MATH = YES;
				SDKROOT = iphoneos;
				SWIFT_COMPILATION_MODE = wholemodule;
				SWIFT_OPTIMIZATION_LEVEL = "-O";
				VALIDATE_PRODUCT = YES;
				VERSIONING_SYSTEM = "apple-generic";
				VERSION_INFO_PREFIX = "";
			};
			name = Release;
		};
		CD59AD802A50961C00C6E28B /* Debug */ = {
			isa = XCBuildConfiguration;
			buildSettings = {
				CODE_SIGN_STYLE = Automatic;
				CURRENT_PROJECT_VERSION = 1;
				DEFINES_MODULE = YES;
				DYLIB_COMPATIBILITY_VERSION = 1;
				DYLIB_CURRENT_VERSION = 1;
				DYLIB_INSTALL_NAME_BASE = "@rpath";
				GENERATE_INFOPLIST_FILE = YES;
				INFOPLIST_KEY_NSHumanReadableCopyright = "";
				INSTALL_PATH = "$(LOCAL_LIBRARY_DIR)/Frameworks";
				IPHONEOS_DEPLOYMENT_TARGET = 16.;
				LD_RUNPATH_SEARCH_PATHS = (
					"$(inherited)",
					"@executable_path/Frameworks",
					"@loader_path/Frameworks",
				);
				MARKETING_VERSION = 1.0;
				PRODUCT_BUNDLE_IDENTIFIER = com.hanis.dev.tdd.Detail;
				PRODUCT_NAME = "$(TARGET_NAME:c99extidentifier)";
				SKIP_INSTALL = YES;
				SWIFT_EMIT_LOC_STRINGS = YES;
				SWIFT_VERSION = 5.0;
				TARGETED_DEVICE_FAMILY = "1,2";
			};
			name = Debug;
		};
		CD59AD812A50961C00C6E28B /* Release */ = {
			isa = XCBuildConfiguration;
			buildSettings = {
				CODE_SIGN_STYLE = Automatic;
				CURRENT_PROJECT_VERSION = 1;
				DEFINES_MODULE = YES;
				DYLIB_COMPATIBILITY_VERSION = 1;
				DYLIB_CURRENT_VERSION = 1;
				DYLIB_INSTALL_NAME_BASE = "@rpath";
				GENERATE_INFOPLIST_FILE = YES;
				INFOPLIST_KEY_NSHumanReadableCopyright = "";
				INSTALL_PATH = "$(LOCAL_LIBRARY_DIR)/Frameworks";
				IPHONEOS_DEPLOYMENT_TARGET = 16.;
				LD_RUNPATH_SEARCH_PATHS = (
					"$(inherited)",
					"@executable_path/Frameworks",
					"@loader_path/Frameworks",
				);
				MARKETING_VERSION = 1.0;
				PRODUCT_BUNDLE_IDENTIFIER = com.hanis.dev.tdd.Detail;
				PRODUCT_NAME = "$(TARGET_NAME:c99extidentifier)";
				SKIP_INSTALL = YES;
				SWIFT_EMIT_LOC_STRINGS = YES;
				SWIFT_VERSION = 5.0;
				TARGETED_DEVICE_FAMILY = "1,2";
			};
			name = Release;
		};
		CD59AD832A50961C00C6E28B /* Debug */ = {
			isa = XCBuildConfiguration;
			buildSettings = {
				ALWAYS_EMBED_SWIFT_STANDARD_LIBRARIES = YES;
				CODE_SIGN_STYLE = Automatic;
				CURRENT_PROJECT_VERSION = 1;
				GENERATE_INFOPLIST_FILE = YES;
				MARKETING_VERSION = 1.0;
				PRODUCT_BUNDLE_IDENTIFIER = com.hanis.dev.tdd.DetailTests;
				PRODUCT_NAME = "$(TARGET_NAME)";
				SWIFT_EMIT_LOC_STRINGS = NO;
				SWIFT_VERSION = 5.0;
				TARGETED_DEVICE_FAMILY = "1,2";
			};
			name = Debug;
		};
		CD59AD842A50961C00C6E28B /* Release */ = {
			isa = XCBuildConfiguration;
			buildSettings = {
				ALWAYS_EMBED_SWIFT_STANDARD_LIBRARIES = YES;
				CODE_SIGN_STYLE = Automatic;
				CURRENT_PROJECT_VERSION = 1;
				GENERATE_INFOPLIST_FILE = YES;
				MARKETING_VERSION = 1.0;
				PRODUCT_BUNDLE_IDENTIFIER = com.hanis.dev.tdd.DetailTests;
				PRODUCT_NAME = "$(TARGET_NAME)";
				SWIFT_EMIT_LOC_STRINGS = NO;
				SWIFT_VERSION = 5.0;
				TARGETED_DEVICE_FAMILY = "1,2";
			};
			name = Release;
		};
/* End XCBuildConfiguration section */

/* Begin XCConfigurationList section */
		CD59AD652A50961C00C6E28B /* Build configuration list for PBXProject "Detail" */ = {
			isa = XCConfigurationList;
			buildConfigurations = (
				CD59AD7D2A50961C00C6E28B /* Debug */,
				CD59AD7E2A50961C00C6E28B /* Release */,
			);
			defaultConfigurationIsVisible = 0;
			defaultConfigurationName = Release;
		};
		CD59AD7F2A50961C00C6E28B /* Build configuration list for PBXNativeTarget "Detail" */ = {
			isa = XCConfigurationList;
			buildConfigurations = (
				CD59AD802A50961C00C6E28B /* Debug */,
				CD59AD812A50961C00C6E28B /* Release */,
			);
			defaultConfigurationIsVisible = 0;
			defaultConfigurationName = Release;
		};
		CD59AD822A50961C00C6E28B /* Build configuration list for PBXNativeTarget "DetailTests" */ = {
			isa = XCConfigurationList;
			buildConfigurations = (
				CD59AD832A50961C00C6E28B /* Debug */,
				CD59AD842A50961C00C6E28B /* Release */,
			);
			defaultConfigurationIsVisible = 0;
			defaultConfigurationName = Release;
		};
/* End XCConfigurationList section */
	};
	rootObject = CD59AD622A50961C00C6E28B /* Project object */;
}
