// !$*UTF8*$!
{
	archiveVersion = 1;
	classes = {
	};
	objectVersion = 56;
	objects = {

/* Begin PBXBuildFile section */
		CD59ACD42A504EB700C6E28B /* AppDelegate.swift in Sources */ = {isa = PBXBuildFile; fileRef = CD59ACD32A504EB700C6E28B /* AppDelegate.swift */; };
		CD59ACD62A504EB700C6E28B /* SceneDelegate.swift in Sources */ = {isa = PBXBuildFile; fileRef = CD59ACD52A504EB700C6E28B /* SceneDelegate.swift */; };
		CD59ACD82A504EB700C6E28B /* ViewController.swift in Sources */ = {isa = PBXBuildFile; fileRef = CD59ACD72A504EB700C6E28B /* ViewController.swift */; };
		CD59ACDD2A504EB900C6E28B /* Assets.xcassets in Resources */ = {isa = PBXBuildFile; fileRef = CD59ACDC2A504EB900C6E28B /* Assets.xcassets */; };
		CD59ACE02A504EB900C6E28B /* LaunchScreen.storyboard in Resources */ = {isa = PBXBuildFile; fileRef = CD59ACDE2A504EB900C6E28B /* LaunchScreen.storyboard */; };
		CD59ACEB2A504EB900C6E28B /* TDDTests.swift in Sources */ = {isa = PBXBuildFile; fileRef = CD59ACEA2A504EB900C6E28B /* TDDTests.swift */; };
		CD59AD912A50967D00C6E28B /* Detail.framework in Frameworks */ = {isa = PBXBuildFile; fileRef = CD59AD8B2A50961D00C6E28B /* Detail.framework */; };
		CD59AD922A50967D00C6E28B /* Detail.framework in Embed Frameworks */ = {isa = PBXBuildFile; fileRef = CD59AD8B2A50961D00C6E28B /* Detail.framework */; settings = {ATTRIBUTES = (CodeSignOnCopy, RemoveHeadersOnCopy, ); }; };
		CD59AD942A50976B00C6E28B /* Detail.framework in Frameworks */ = {isa = PBXBuildFile; fileRef = CD59AD8B2A50961D00C6E28B /* Detail.framework */; };
/* End PBXBuildFile section */

/* Begin PBXContainerItemProxy section */
		CD59ACE72A504EB900C6E28B /* PBXContainerItemProxy */ = {
			isa = PBXContainerItemProxy;
			containerPortal = CD59ACC82A504EB700C6E28B /* Project object */;
			proxyType = 1;
			remoteGlobalIDString = CD59ACCF2A504EB700C6E28B;
			remoteInfo = TDD;
		};
		CD59AD8A2A50961D00C6E28B /* PBXContainerItemProxy */ = {
			isa = PBXContainerItemProxy;
			containerPortal = CD59AD852A50961C00C6E28B /* Detail.xcodeproj */;
			proxyType = 2;
			remoteGlobalIDString = CD59AD6B2A50961C00C6E28B;
			remoteInfo = Detail;
		};
		CD59AD8C2A50961D00C6E28B /* PBXContainerItemProxy */ = {
			isa = PBXContainerItemProxy;
			containerPortal = CD59AD852A50961C00C6E28B /* Detail.xcodeproj */;
			proxyType = 2;
			remoteGlobalIDString = CD59AD752A50961C00C6E28B;
			remoteInfo = DetailTests;
		};
/* End PBXContainerItemProxy section */

/* Begin PBXCopyFilesBuildPhase section */
		CD59AD932A50967D00C6E28B /* Embed Frameworks */ = {
			isa = PBXCopyFilesBuildPhase;
			buildActionMask = 2147483647;
			dstPath = "";
			dstSubfolderSpec = 10;
			files = (
				CD59AD922A50967D00C6E28B /* Detail.framework in Embed Frameworks */,
			);
			name = "Embed Frameworks";
			runOnlyForDeploymentPostprocessing = 0;
		};
/* End PBXCopyFilesBuildPhase section */

/* Begin PBXFileReference section */
		CD59ACD02A504EB700C6E28B /* TDD.app */ = {isa = PBXFileReference; explicitFileType = wrapper.application; includeInIndex = 0; path = TDD.app; sourceTree = BUILT_PRODUCTS_DIR; };
		CD59ACD32A504EB700C6E28B /* AppDelegate.swift */ = {isa = PBXFileReference; lastKnownFileType = sourcecode.swift; path = AppDelegate.swift; sourceTree = "<group>"; };
		CD59ACD52A504EB700C6E28B /* SceneDelegate.swift */ = {isa = PBXFileReference; lastKnownFileType = sourcecode.swift; path = SceneDelegate.swift; sourceTree = "<group>"; };
		CD59ACD72A504EB700C6E28B /* ViewController.swift */ = {isa = PBXFileReference; lastKnownFileType = sourcecode.swift; path = ViewController.swift; sourceTree = "<group>"; };
		CD59ACDC2A504EB900C6E28B /* Assets.xcassets */ = {isa = PBXFileReference; lastKnownFileType = folder.assetcatalog; path = Assets.xcassets; sourceTree = "<group>"; };
		CD59ACDF2A504EB900C6E28B /* Base */ = {isa = PBXFileReference; lastKnownFileType = file.storyboard; name = Base; path = Base.lproj/LaunchScreen.storyboard; sourceTree = "<group>"; };
		CD59ACE12A504EB900C6E28B /* Info.plist */ = {isa = PBXFileReference; lastKnownFileType = text.plist.xml; path = Info.plist; sourceTree = "<group>"; };
		CD59ACE62A504EB900C6E28B /* TDDTests.xctest */ = {isa = PBXFileReference; explicitFileType = wrapper.cfbundle; includeInIndex = 0; path = TDDTests.xctest; sourceTree = BUILT_PRODUCTS_DIR; };
		CD59ACEA2A504EB900C6E28B /* TDDTests.swift */ = {isa = PBXFileReference; lastKnownFileType = sourcecode.swift; path = TDDTests.swift; sourceTree = "<group>"; };
		CD59AD852A50961C00C6E28B /* Detail.xcodeproj */ = {isa = PBXFileReference; lastKnownFileType = "wrapper.pb-project"; name = Detail.xcodeproj; path = Detail/Detail.xcodeproj; sourceTree = "<group>"; };
/* End PBXFileReference section */

/* Begin PBXFrameworksBuildPhase section */
		CD59ACCD2A504EB700C6E28B /* Frameworks */ = {
			isa = PBXFrameworksBuildPhase;
			buildActionMask = 2147483647;
			files = (
				CD59AD912A50967D00C6E28B /* Detail.framework in Frameworks */,
			);
			runOnlyForDeploymentPostprocessing = 0;
		};
		CD59ACE32A504EB900C6E28B /* Frameworks */ = {
			isa = PBXFrameworksBuildPhase;
			buildActionMask = 2147483647;
			files = (
				CD59AD942A50976B00C6E28B /* Detail.framework in Frameworks */,
			);
			runOnlyForDeploymentPostprocessing = 0;
		};
/* End PBXFrameworksBuildPhase section */

/* Begin PBXGroup section */
		CD59ACC72A504EB700C6E28B = {
			isa = PBXGroup;
			children = (
				CD59ACD22A504EB700C6E28B /* TDD */,
				CD59ACE92A504EB900C6E28B /* TDDTests */,
				CD59ACD12A504EB700C6E28B /* Products */,
				CD59AD902A50967D00C6E28B /* Frameworks */,
				CD59AD852A50961C00C6E28B /* Detail.xcodeproj */,
			);
			sourceTree = "<group>";
		};
		CD59ACD12A504EB700C6E28B /* Products */ = {
			isa = PBXGroup;
			children = (
				CD59ACD02A504EB700C6E28B /* TDD.app */,
				CD59ACE62A504EB900C6E28B /* TDDTests.xctest */,
			);
			name = Products;
			sourceTree = "<group>";
		};
		CD59ACD22A504EB700C6E28B /* TDD */ = {
			isa = PBXGroup;
			children = (
				CD59ACD32A504EB700C6E28B /* AppDelegate.swift */,
				CD59ACD52A504EB700C6E28B /* SceneDelegate.swift */,
				CD59ACD72A504EB700C6E28B /* ViewController.swift */,
				CD59ACDC2A504EB900C6E28B /* Assets.xcassets */,
				CD59ACDE2A504EB900C6E28B /* LaunchScreen.storyboard */,
				CD59ACE12A504EB900C6E28B /* Info.plist */,
				CD59AD052A507E4E00C6E28B /* DetailViewController.swift */,
			);
			path = TDD;
			sourceTree = "<group>";
		};
		CD59ACE92A504EB900C6E28B /* TDDTests */ = {
			isa = PBXGroup;
			children = (
				CD59ACEA2A504EB900C6E28B /* TDDTests.swift */,
			);
			path = TDDTests;
			sourceTree = "<group>";
		};
		CD59AD862A50961C00C6E28B /* Products */ = {
			isa = PBXGroup;
			children = (
				CD59AD8B2A50961D00C6E28B /* Detail.framework */,
				CD59AD8D2A50961D00C6E28B /* DetailTests.xctest */,
			);
			name = Products;
			sourceTree = "<group>";
		};
		CD59AD902A50967D00C6E28B /* Frameworks */ = {
			isa = PBXGroup;
			children = (
			);
			name = Frameworks;
			sourceTree = "<group>";
		};
/* End PBXGroup section */

/* Begin PBXNativeTarget section */
		CD59ACCF2A504EB700C6E28B /* TDD */ = {
			isa = PBXNativeTarget;
			buildConfigurationList = CD59ACFA2A504EB900C6E28B /* Build configuration list for PBXNativeTarget "TDD" */;
			buildPhases = (
				CD59ACCC2A504EB700C6E28B /* Sources */,
				CD59ACCD2A504EB700C6E28B /* Frameworks */,
				CD59ACCE2A504EB700C6E28B /* Resources */,
				CD59AD932A50967D00C6E28B /* Embed Frameworks */,
			);
			buildRules = (
			);
			dependencies = (
			);
			name = TDD;
			productName = TDD;
			productReference = CD59ACD02A504EB700C6E28B /* TDD.app */;
			productType = "com.apple.product-type.application";
		};
		CD59ACE52A504EB900C6E28B /* TDDTests */ = {
			isa = PBXNativeTarget;
			buildConfigurationList = CD59ACFD2A504EB900C6E28B /* Build configuration list for PBXNativeTarget "TDDTests" */;
			buildPhases = (
				CD59ACE22A504EB900C6E28B /* Sources */,
				CD59ACE32A504EB900C6E28B /* Frameworks */,
				CD59ACE42A504EB900C6E28B /* Resources */,
			);
			buildRules = (
			);
			dependencies = (
				CD59ACE82A504EB900C6E28B /* PBXTargetDependency */,
			);
			name = TDDTests;
			productName = TDDTests;
			productReference = CD59ACE62A504EB900C6E28B /* TDDTests.xctest */;
			productType = "com.apple.product-type.bundle.unit-test";
		};
/* End PBXNativeTarget section */

/* Begin PBXProject section */
		CD59ACC82A504EB700C6E28B /* Project object */ = {
			isa = PBXProject;
			attributes = {
				BuildIndependentTargetsInParallel = 1;
				LastSwiftUpdateCheck = 1420;
				LastUpgradeCheck = 1420;
				TargetAttributes = {
					CD59ACCF2A504EB700C6E28B = {
						CreatedOnToolsVersion = 14.2;
					};
					CD59ACE52A504EB900C6E28B = {
						CreatedOnToolsVersion = 14.2;
						TestTargetID = CD59ACCF2A504EB700C6E28B;
					};
				};
			};
			buildConfigurationList = CD59ACCB2A504EB700C6E28B /* Build configuration list for PBXProject "TDD" */;
			compatibilityVersion = "Xcode 14.0";
			developmentRegion = en;
			hasScannedForEncodings = 0;
			knownRegions = (
				en,
				Base,
			);
			mainGroup = CD59ACC72A504EB700C6E28B;
			productRefGroup = CD59ACD12A504EB700C6E28B /* Products */;
			projectDirPath = "";
			projectReferences = (
				{
					ProductGroup = CD59AD862A50961C00C6E28B /* Products */;
					ProjectRef = CD59AD852A50961C00C6E28B /* Detail.xcodeproj */;
				},
			);
			projectRoot = "";
			targets = (
				CD59ACCF2A504EB700C6E28B /* TDD */,
				CD59ACE52A504EB900C6E28B /* TDDTests */,
			);
		};
/* End PBXProject section */

/* Begin PBXReferenceProxy section */
		CD59AD8B2A50961D00C6E28B /* Detail.framework */ = {
			isa = PBXReferenceProxy;
			fileType = wrapper.framework;
			path = Detail.framework;
			remoteRef = CD59AD8A2A50961D00C6E28B /* PBXContainerItemProxy */;
			sourceTree = BUILT_PRODUCTS_DIR;
		};
		CD59AD8D2A50961D00C6E28B /* DetailTests.xctest */ = {
			isa = PBXReferenceProxy;
			fileType = wrapper.cfbundle;
			path = DetailTests.xctest;
			remoteRef = CD59AD8C2A50961D00C6E28B /* PBXContainerItemProxy */;
			sourceTree = BUILT_PRODUCTS_DIR;
		};
/* End PBXReferenceProxy section */

/* Begin PBXResourcesBuildPhase section */
		CD59ACCE2A504EB700C6E28B /* Resources */ = {
			isa = PBXResourcesBuildPhase;
			buildActionMask = 2147483647;
			files = (
				CD59ACE02A504EB900C6E28B /* LaunchScreen.storyboard in Resources */,
				CD59ACDD2A504EB900C6E28B /* Assets.xcassets in Resources */,
			);
			runOnlyForDeploymentPostprocessing = 0;
		};
		CD59ACE42A504EB900C6E28B /* Resources */ = {
			isa = PBXResourcesBuildPhase;
			buildActionMask = 2147483647;
			files = (
			);
			runOnlyForDeploymentPostprocessing = 0;
		};
/* End PBXResourcesBuildPhase section */

/* Begin PBXSourcesBuildPhase section */
		CD59ACCC2A504EB700C6E28B /* Sources */ = {
			isa = PBXSourcesBuildPhase;
			buildActionMask = 2147483647;
			files = (
				CD59ACD82A504EB700C6E28B /* ViewController.swift in Sources */,
				CD59ACD42A504EB700C6E28B /* AppDelegate.swift in Sources */,
				CD59ACD62A504EB700C6E28B /* SceneDelegate.swift in Sources */,
				CD59AD062A507E4E00C6E28B /* DetailViewController.swift in Sources */,
			);
			runOnlyForDeploymentPostprocessing = 0;
		};
		CD59ACE22A504EB900C6E28B /* Sources */ = {
			isa = PBXSourcesBuildPhase;
			buildActionMask = 2147483647;
			files = (
				CD59ACEB2A504EB900C6E28B /* TDDTests.swift in Sources */,
			);
			runOnlyForDeploymentPostprocessing = 0;
		};
/* End PBXSourcesBuildPhase section */

/* Begin PBXTargetDependency section */
		CD59ACE82A504EB900C6E28B /* PBXTargetDependency */ = {
			isa = PBXTargetDependency;
			target = CD59ACCF2A504EB700C6E28B /* TDD */;
			targetProxy = CD59ACE72A504EB900C6E28B /* PBXContainerItemProxy */;
		};
/* End PBXTargetDependency section */

/* Begin PBXVariantGroup section */
		CD59ACDE2A504EB900C6E28B /* LaunchScreen.storyboard */ = {
			isa = PBXVariantGroup;
			children = (
				CD59ACDF2A504EB900C6E28B /* Base */,
			);
			name = LaunchScreen.storyboard;
			sourceTree = "<group>";
		};
/* End PBXVariantGroup section */

/* Begin XCBuildConfiguration section */
		CD59ACF82A504EB900C6E28B /* Debug */ = {
			isa = XCBuildConfiguration;
			buildSettings = {
				ALWAYS_SEARCH_USER_PATHS = NO;
				CLANG_ANALYZER_NONNULL = YES;
				CLANG_ANALYZER_NUMBER_OBJECT_CONVERSION = YES_AGGRESSIVE;
				CLANG_CXX_LANGUAGE_STANDARD = "gnu++20";
				CLANG_ENABLE_MODULES = YES;
				CLANG_ENABLE_OBJC_ARC = YES;
				CLANG_ENABLE_OBJC_WEAK = YES;
				CLANG_WARN_BLOCK_CAPTURE_AUTORELEASING = YES;
				CLANG_WARN_BOOL_CONVERSION = YES;
				CLANG_WARN_COMMA = YES;
				CLANG_WARN_CONSTANT_CONVERSION = YES;
				CLANG_WARN_DEPRECATED_OBJC_IMPLEMENTATIONS = YES;
				CLANG_WARN_DIRECT_OBJC_ISA_USAGE = YES_ERROR;
				CLANG_WARN_DOCUMENTATION_COMMENTS = YES;
				CLANG_WARN_EMPTY_BODY = YES;
				CLANG_WARN_ENUM_CONVERSION = YES;
				CLANG_WARN_INFINITE_RECURSION = YES;
				CLANG_WARN_INT_CONVERSION = YES;
				CLANG_WARN_NON_LITERAL_NULL_CONVERSION = YES;
				CLANG_WARN_OBJC_IMPLICIT_RETAIN_SELF = YES;
				CLANG_WARN_OBJC_LITERAL_CONVERSION = YES;
				CLANG_WARN_OBJC_ROOT_CLASS = YES_ERROR;
				CLANG_WARN_QUOTED_INCLUDE_IN_FRAMEWORK_HEADER = YES;
				CLANG_WARN_RANGE_LOOP_ANALYSIS = YES;
				CLANG_WARN_STRICT_PROTOTYPES = YES;
				CLANG_WARN_SUSPICIOUS_MOVE = YES;
				CLANG_WARN_UNGUARDED_AVAILABILITY = YES_AGGRESSIVE;
				CLANG_WARN_UNREACHABLE_CODE = YES;
				CLANG_WARN__DUPLICATE_METHOD_MATCH = YES;
				COPY_PHASE_STRIP = NO;
				DEBUG_INFORMATION_FORMAT = dwarf;
				ENABLE_STRICT_OBJC_MSGSEND = YES;
				ENABLE_TESTABILITY = YES;
				GCC_C_LANGUAGE_STANDARD = gnu11;
				GCC_DYNAMIC_NO_PIC = NO;
				GCC_NO_COMMON_BLOCKS = YES;
				GCC_OPTIMIZATION_LEVEL = 0;
				GCC_PREPROCESSOR_DEFINITIONS = (
					"DEBUG=1",
					"$(inherited)",
				);
				GCC_WARN_64_TO_32_BIT_CONVERSION = YES;
				GCC_WARN_ABOUT_RETURN_TYPE = YES_ERROR;
				GCC_WARN_UNDECLARED_SELECTOR = YES;
				GCC_WARN_UNINITIALIZED_AUTOS = YES_AGGRESSIVE;
				GCC_WARN_UNUSED_FUNCTION = YES;
				GCC_WARN_UNUSED_VARIABLE = YES;
				IPHONEOS_DEPLOYMENT_TARGET = 16.0;
				MACOSX_DEPLOYMENT_TARGET = 12.6.5;
				MTL_ENABLE_DEBUG_INFO = INCLUDE_SOURCE;
				MTL_FAST_MATH = YES;
				ONLY_ACTIVE_ARCH = YES;
				SDKROOT = iphoneos;
				SWIFT_ACTIVE_COMPILATION_CONDITIONS = DEBUG;
				SWIFT_OPTIMIZATION_LEVEL = "-Onone";
			};
			name = Debug;
		};
		CD59ACF92A504EB900C6E28B /* Release */ = {
			isa = XCBuildConfiguration;
			buildSettings = {
				ALWAYS_SEARCH_USER_PATHS = NO;
				CLANG_ANALYZER_NONNULL = YES;
				CLANG_ANALYZER_NUMBER_OBJECT_CONVERSION = YES_AGGRESSIVE;
				CLANG_CXX_LANGUAGE_STANDARD = "gnu++20";
				CLANG_ENABLE_MODULES = YES;
				CLANG_ENABLE_OBJC_ARC = YES;
				CLANG_ENABLE_OBJC_WEAK = YES;
				CLANG_WARN_BLOCK_CAPTURE_AUTORELEASING = YES;
				CLANG_WARN_BOOL_CONVERSION = YES;
				CLANG_WARN_COMMA = YES;
				CLANG_WARN_CONSTANT_CONVERSION = YES;
				CLANG_WARN_DEPRECATED_OBJC_IMPLEMENTATIONS = YES;
				CLANG_WARN_DIRECT_OBJC_ISA_USAGE = YES_ERROR;
				CLANG_WARN_DOCUMENTATION_COMMENTS = YES;
				CLANG_WARN_EMPTY_BODY = YES;
				CLANG_WARN_ENUM_CONVERSION = YES;
				CLANG_WARN_INFINITE_RECURSION = YES;
				CLANG_WARN_INT_CONVERSION = YES;
				CLANG_WARN_NON_LITERAL_NULL_CONVERSION = YES;
				CLANG_WARN_OBJC_IMPLICIT_RETAIN_SELF = YES;
				CLANG_WARN_OBJC_LITERAL_CONVERSION = YES;
				CLANG_WARN_OBJC_ROOT_CLASS = YES_ERROR;
				CLANG_WARN_QUOTED_INCLUDE_IN_FRAMEWORK_HEADER = YES;
				CLANG_WARN_RANGE_LOOP_ANALYSIS = YES;
				CLANG_WARN_STRICT_PROTOTYPES = YES;
				CLANG_WARN_SUSPICIOUS_MOVE = YES;
				CLANG_WARN_UNGUARDED_AVAILABILITY = YES_AGGRESSIVE;
				CLANG_WARN_UNREACHABLE_CODE = YES;
				CLANG_WARN__DUPLICATE_METHOD_MATCH = YES;
				COPY_PHASE_STRIP = NO;
				DEBUG_INFORMATION_FORMAT = "dwarf-with-dsym";
				ENABLE_NS_ASSERTIONS = NO;
				ENABLE_STRICT_OBJC_MSGSEND = YES;
				GCC_C_LANGUAGE_STANDARD = gnu11;
				GCC_NO_COMMON_BLOCKS = YES;
				GCC_WARN_64_TO_32_BIT_CONVERSION = YES;
				GCC_WARN_ABOUT_RETURN_TYPE = YES_ERROR;
				GCC_WARN_UNDECLARED_SELECTOR = YES;
				GCC_WARN_UNINITIALIZED_AUTOS = YES_AGGRESSIVE;
				GCC_WARN_UNUSED_FUNCTION = YES;
				GCC_WARN_UNUSED_VARIABLE = YES;
				IPHONEOS_DEPLOYMENT_TARGET = 16.0;
				MACOSX_DEPLOYMENT_TARGET = 12.6.5;
				MTL_ENABLE_DEBUG_INFO = NO;
				MTL_FAST_MATH = YES;
				SDKROOT = iphoneos;
				SWIFT_COMPILATION_MODE = wholemodule;
				SWIFT_OPTIMIZATION_LEVEL = "-O";
				VALIDATE_PRODUCT = YES;
			};
			name = Release;
		};
		CD59ACFB2A504EB900C6E28B /* Debug */ = {
			isa = XCBuildConfiguration;
			buildSettings = {
				ASSETCATALOG_COMPILER_APPICON_NAME = AppIcon;
				ASSETCATALOG_COMPILER_GLOBAL_ACCENT_COLOR_NAME = AccentColor;
				CODE_SIGN_STYLE = Manual;
				CURRENT_PROJECT_VERSION = 1;
				DEVELOPMENT_TEAM = "";
				FRAMEWORK_SEARCH_PATHS = "";
				GENERATE_INFOPLIST_FILE = YES;
				HEADER_SEARCH_PATHS = "";
				INFOPLIST_FILE = TDD/Info.plist;
				INFOPLIST_KEY_UIApplicationSupportsIndirectInputEvents = YES;
				INFOPLIST_KEY_UILaunchStoryboardName = LaunchScreen;
				INFOPLIST_KEY_UIMainStoryboardFile = "";
				INFOPLIST_KEY_UISupportedInterfaceOrientations_iPad = "UIInterfaceOrientationPortrait UIInterfaceOrientationPortraitUpsideDown UIInterfaceOrientationLandscapeLeft UIInterfaceOrientationLandscapeRight";
				INFOPLIST_KEY_UISupportedInterfaceOrientations_iPhone = "UIInterfaceOrientationPortrait UIInterfaceOrientationLandscapeLeft UIInterfaceOrientationLandscapeRight";
				LD_RUNPATH_SEARCH_PATHS = (
					"$(inherited)",
					"@executable_path/Frameworks",
				);
				MACOSX_DEPLOYMENT_TARGET = 12.6.5;
				MARKETING_VERSION = 1.0;
				PRODUCT_BUNDLE_IDENTIFIER = com.hanis.dev.TDD;
				PRODUCT_NAME = "$(TARGET_NAME)";
				PROVISIONING_PROFILE_SPECIFIER = "";
				SWIFT_EMIT_LOC_STRINGS = YES;
				SWIFT_VERSION = 5.0;
				TARGETED_DEVICE_FAMILY = "1,2";
			};
			name = Debug;
		};
		CD59ACFC2A504EB900C6E28B /* Release */ = {
			isa = XCBuildConfiguration;
			buildSettings = {
				ASSETCATALOG_COMPILER_APPICON_NAME = AppIcon;
				ASSETCATALOG_COMPILER_GLOBAL_ACCENT_COLOR_NAME = AccentColor;
				CODE_SIGN_STYLE = Automatic;
				CURRENT_PROJECT_VERSION = 1;
				FRAMEWORK_SEARCH_PATHS = "";
				GENERATE_INFOPLIST_FILE = YES;
				HEADER_SEARCH_PATHS = "";
				INFOPLIST_FILE = TDD/Info.plist;
				INFOPLIST_KEY_UIApplicationSupportsIndirectInputEvents = YES;
				INFOPLIST_KEY_UILaunchStoryboardName = LaunchScreen;
				INFOPLIST_KEY_UIMainStoryboardFile = "";
				INFOPLIST_KEY_UISupportedInterfaceOrientations_iPad = "UIInterfaceOrientationPortrait UIInterfaceOrientationPortraitUpsideDown UIInterfaceOrientationLandscapeLeft UIInterfaceOrientationLandscapeRight";
				INFOPLIST_KEY_UISupportedInterfaceOrientations_iPhone = "UIInterfaceOrientationPortrait UIInterfaceOrientationLandscapeLeft UIInterfaceOrientationLandscapeRight";
				LD_RUNPATH_SEARCH_PATHS = (
					"$(inherited)",
					"@executable_path/Frameworks",
				);
				MACOSX_DEPLOYMENT_TARGET = 12.6.5;
				MARKETING_VERSION = 1.0;
				PRODUCT_BUNDLE_IDENTIFIER = com.hanis.dev.tdd.TDD;
				PRODUCT_NAME = "$(TARGET_NAME)";
				SWIFT_EMIT_LOC_STRINGS = YES;
				SWIFT_VERSION = 5.0;
				TARGETED_DEVICE_FAMILY = "1,2";
			};
			name = Release;
		};
		CD59ACFE2A504EB900C6E28B /* Debug */ = {
			isa = XCBuildConfiguration;
			buildSettings = {
				ALWAYS_EMBED_SWIFT_STANDARD_LIBRARIES = YES;
				BUNDLE_LOADER = "$(TEST_HOST)";
				"CODE_SIGN_IDENTITY[sdk=macosx*]" = "-";
				CODE_SIGN_STYLE = Manual;
				CURRENT_PROJECT_VERSION = 1;
				DEVELOPMENT_TEAM = "";
				GENERATE_INFOPLIST_FILE = YES;
				IPHONEOS_DEPLOYMENT_TARGET = 16.0;
				MACOSX_DEPLOYMENT_TARGET = 12.6.5;
				MARKETING_VERSION = 1.0;
				PRODUCT_BUNDLE_IDENTIFIER = com.hanis.dev.TDDTests;
				PRODUCT_NAME = "$(TARGET_NAME)";
				PROVISIONING_PROFILE_SPECIFIER = "";
				SWIFT_EMIT_LOC_STRINGS = NO;
				SWIFT_VERSION = 5.0;
				TARGETED_DEVICE_FAMILY = "1,2";
				TEST_HOST = "$(BUILT_PRODUCTS_DIR)/TDD.app/$(BUNDLE_EXECUTABLE_FOLDER_PATH)/TDD";
			};
			name = Debug;
		};
		CD59ACFF2A504EB900C6E28B /* Release */ = {
			isa = XCBuildConfiguration;
			buildSettings = {
				ALWAYS_EMBED_SWIFT_STANDARD_LIBRARIES = YES;
				BUNDLE_LOADER = "$(TEST_HOST)";
				CODE_SIGN_STYLE = Automatic;
				CURRENT_PROJECT_VERSION = 1;
				GENERATE_INFOPLIST_FILE = YES;
				IPHONEOS_DEPLOYMENT_TARGET = 16.0;
				MACOSX_DEPLOYMENT_TARGET = 12.6.5;
				MARKETING_VERSION = 1.0;
				PRODUCT_BUNDLE_IDENTIFIER = com.hanis.dev.tdd.TDDTests;
				PRODUCT_NAME = "$(TARGET_NAME)";
				SWIFT_EMIT_LOC_STRINGS = NO;
				SWIFT_VERSION = 5.0;
				TARGETED_DEVICE_FAMILY = "1,2";
				TEST_HOST = "$(BUILT_PRODUCTS_DIR)/TDD.app/$(BUNDLE_EXECUTABLE_FOLDER_PATH)/TDD";
			};
			name = Release;
		};
/* End XCBuildConfiguration section */

/* Begin XCConfigurationList section */
		CD59ACCB2A504EB700C6E28B /* Build configuration list for PBXProject "TDD" */ = {
			isa = XCConfigurationList;
			buildConfigurations = (
				CD59ACF82A504EB900C6E28B /* Debug */,
				CD59ACF92A504EB900C6E28B /* Release */,
			);
			defaultConfigurationIsVisible = 0;
			defaultConfigurationName = Release;
		};
		CD59ACFA2A504EB900C6E28B /* Build configuration list for PBXNativeTarget "TDD" */ = {
			isa = XCConfigurationList;
			buildConfigurations = (
				CD59ACFB2A504EB900C6E28B /* Debug */,
				CD59ACFC2A504EB900C6E28B /* Release */,
			);
			defaultConfigurationIsVisible = 0;
			defaultConfigurationName = Release;
		};
		CD59ACFD2A504EB900C6E28B /* Build configuration list for PBXNativeTarget "TDDTests" */ = {
			isa = XCConfigurationList;
			buildConfigurations = (
				CD59ACFE2A504EB900C6E28B /* Debug */,
				CD59ACFF2A504EB900C6E28B /* Release */,
			);
			defaultConfigurationIsVisible = 0;
			defaultConfigurationName = Release;
		};
/* End XCConfigurationList section */
	};
	rootObject = CD59ACC82A504EB700C6E28B /* Project object */;
}
